// !$*UTF8*$!
{
	archiveVersion = 1;
	classes = {
	};
	objectVersion = 50;
	objects = {

/* Begin PBXBuildFile section */
		2FA15B6F26F48E2300EDEBDF /* AppDelegate.swift in Sources */ = {isa = PBXBuildFile; fileRef = 2FA15B6E26F48E2300EDEBDF /* AppDelegate.swift */; };
		2FA15B7126F48E2300EDEBDF /* SceneDelegate.swift in Sources */ = {isa = PBXBuildFile; fileRef = 2FA15B7026F48E2300EDEBDF /* SceneDelegate.swift */; };
		2FA15B7326F48E2300EDEBDF /* ViewController.swift in Sources */ = {isa = PBXBuildFile; fileRef = 2FA15B7226F48E2300EDEBDF /* ViewController.swift */; };
		2FA15B7626F48E2300EDEBDF /* Main.storyboard in Resources */ = {isa = PBXBuildFile; fileRef = 2FA15B7426F48E2300EDEBDF /* Main.storyboard */; };
		2FA15B7926F48E2300EDEBDF /* Disign.xcdatamodeld in Sources */ = {isa = PBXBuildFile; fileRef = 2FA15B7726F48E2300EDEBDF /* Disign.xcdatamodeld */; };
		2FA15B7B26F48E2400EDEBDF /* Assets.xcassets in Resources */ = {isa = PBXBuildFile; fileRef = 2FA15B7A26F48E2400EDEBDF /* Assets.xcassets */; };
		2FA15B7E26F48E2400EDEBDF /* LaunchScreen.storyboard in Resources */ = {isa = PBXBuildFile; fileRef = 2FA15B7C26F48E2400EDEBDF /* LaunchScreen.storyboard */; };
		2FA15B8C26F4B31A00EDEBDF /* FeedViewController.swift in Sources */ = {isa = PBXBuildFile; fileRef = 2FA15B8B26F4B31A00EDEBDF /* FeedViewController.swift */; };
		8E583EF726F75FF000378579 /* ExpensesViewController.swift in Sources */ = {isa = PBXBuildFile; fileRef = 8E583EF626F75FF000378579 /* ExpensesViewController.swift */; };
		8E583EF926F7725E00378579 /* ProfilViewController.swift in Sources */ = {isa = PBXBuildFile; fileRef = 8E583EF826F7725E00378579 /* ProfilViewController.swift */; };
		8E5D09A426F71EB500A4CB15 /* MarketCollectionViewCell.swift in Sources */ = {isa = PBXBuildFile; fileRef = 8E5D09A326F71EB500A4CB15 /* MarketCollectionViewCell.swift */; };
		8E5D09A626F71EEE00A4CB15 /* MarketViewController.swift in Sources */ = {isa = PBXBuildFile; fileRef = 8E5D09A526F71EEE00A4CB15 /* MarketViewController.swift */; };
		8E6BDCC826F67BE300E75183 /* ContenFillCollectionViewCell.swift in Sources */ = {isa = PBXBuildFile; fileRef = 8E6BDCC726F67BE200E75183 /* ContenFillCollectionViewCell.swift */; };
		8EF949EB26F5BB7E0099587E /* ContentViewController.swift in Sources */ = {isa = PBXBuildFile; fileRef = 8EF949EA26F5BB7E0099587E /* ContentViewController.swift */; };
		8EF949F026F5DE370099587E /* ContentCollectionViewCell.swift in Sources */ = {isa = PBXBuildFile; fileRef = 8EF949EF26F5DE370099587E /* ContentCollectionViewCell.swift */; };
/* End PBXBuildFile section */

/* Begin PBXFileReference section */
		2FA15B6B26F48E2300EDEBDF /* Disign.app */ = {isa = PBXFileReference; explicitFileType = wrapper.application; includeInIndex = 0; path = Disign.app; sourceTree = BUILT_PRODUCTS_DIR; };
		2FA15B6E26F48E2300EDEBDF /* AppDelegate.swift */ = {isa = PBXFileReference; lastKnownFileType = sourcecode.swift; path = AppDelegate.swift; sourceTree = "<group>"; };
		2FA15B7026F48E2300EDEBDF /* SceneDelegate.swift */ = {isa = PBXFileReference; lastKnownFileType = sourcecode.swift; path = SceneDelegate.swift; sourceTree = "<group>"; };
		2FA15B7226F48E2300EDEBDF /* ViewController.swift */ = {isa = PBXFileReference; lastKnownFileType = sourcecode.swift; path = ViewController.swift; sourceTree = "<group>"; };
		2FA15B7526F48E2300EDEBDF /* Base */ = {isa = PBXFileReference; lastKnownFileType = file.storyboard; name = Base; path = Base.lproj/Main.storyboard; sourceTree = "<group>"; };
		2FA15B7826F48E2300EDEBDF /* Disign.xcdatamodel */ = {isa = PBXFileReference; lastKnownFileType = wrapper.xcdatamodel; path = Disign.xcdatamodel; sourceTree = "<group>"; };
		2FA15B7A26F48E2400EDEBDF /* Assets.xcassets */ = {isa = PBXFileReference; lastKnownFileType = folder.assetcatalog; path = Assets.xcassets; sourceTree = "<group>"; };
		2FA15B7D26F48E2400EDEBDF /* Base */ = {isa = PBXFileReference; lastKnownFileType = file.storyboard; name = Base; path = Base.lproj/LaunchScreen.storyboard; sourceTree = "<group>"; };
		2FA15B7F26F48E2400EDEBDF /* Info.plist */ = {isa = PBXFileReference; lastKnownFileType = text.plist.xml; path = Info.plist; sourceTree = "<group>"; };
		2FA15B8B26F4B31A00EDEBDF /* FeedViewController.swift */ = {isa = PBXFileReference; lastKnownFileType = sourcecode.swift; path = FeedViewController.swift; sourceTree = "<group>"; };
		8E583EF626F75FF000378579 /* ExpensesViewController.swift */ = {isa = PBXFileReference; lastKnownFileType = sourcecode.swift; path = ExpensesViewController.swift; sourceTree = "<group>"; };
		8E583EF826F7725E00378579 /* ProfilViewController.swift */ = {isa = PBXFileReference; lastKnownFileType = sourcecode.swift; path = ProfilViewController.swift; sourceTree = "<group>"; };
		8E5D09A326F71EB500A4CB15 /* MarketCollectionViewCell.swift */ = {isa = PBXFileReference; lastKnownFileType = sourcecode.swift; path = MarketCollectionViewCell.swift; sourceTree = "<group>"; };
		8E5D09A526F71EEE00A4CB15 /* MarketViewController.swift */ = {isa = PBXFileReference; lastKnownFileType = sourcecode.swift; path = MarketViewController.swift; sourceTree = "<group>"; };
		8E6BDCC726F67BE200E75183 /* ContenFillCollectionViewCell.swift */ = {isa = PBXFileReference; lastKnownFileType = sourcecode.swift; path = ContenFillCollectionViewCell.swift; sourceTree = "<group>"; };
		8EF949EA26F5BB7E0099587E /* ContentViewController.swift */ = {isa = PBXFileReference; lastKnownFileType = sourcecode.swift; path = ContentViewController.swift; sourceTree = "<group>"; };
		8EF949EF26F5DE370099587E /* ContentCollectionViewCell.swift */ = {isa = PBXFileReference; lastKnownFileType = sourcecode.swift; path = ContentCollectionViewCell.swift; sourceTree = "<group>"; };
/* End PBXFileReference section */

/* Begin PBXFrameworksBuildPhase section */
		2FA15B6826F48E2300EDEBDF /* Frameworks */ = {
			isa = PBXFrameworksBuildPhase;
			buildActionMask = 2147483647;
			files = (
			);
			runOnlyForDeploymentPostprocessing = 0;
		};
/* End PBXFrameworksBuildPhase section */

/* Begin PBXGroup section */
		2FA15B6226F48E2300EDEBDF = {
			isa = PBXGroup;
			children = (
				2FA15B6D26F48E2300EDEBDF /* Disign */,
				2FA15B6C26F48E2300EDEBDF /* Products */,
			);
			sourceTree = "<group>";
		};
		2FA15B6C26F48E2300EDEBDF /* Products */ = {
			isa = PBXGroup;
			children = (
				2FA15B6B26F48E2300EDEBDF /* Disign.app */,
			);
			name = Products;
			sourceTree = "<group>";
		};
		2FA15B6D26F48E2300EDEBDF /* Disign */ = {
			isa = PBXGroup;
			children = (
				8EF949E926F5AD6A0099587E /* Views */,
				8EF949E826F5AD520099587E /* Controllers */,
				8EF949E726F5AD470099587E /* Models */,
				2FA15B6E26F48E2300EDEBDF /* AppDelegate.swift */,
				2FA15B7026F48E2300EDEBDF /* SceneDelegate.swift */,
				2FA15B7A26F48E2400EDEBDF /* Assets.xcassets */,
				2FA15B7F26F48E2400EDEBDF /* Info.plist */,
				2FA15B7726F48E2300EDEBDF /* Disign.xcdatamodeld */,
			);
			path = Disign;
			sourceTree = "<group>";
		};
		8EF949E726F5AD470099587E /* Models */ = {
			isa = PBXGroup;
			children = (
			);
			path = Models;
			sourceTree = "<group>";
		};
		8EF949E826F5AD520099587E /* Controllers */ = {
			isa = PBXGroup;
			children = (
				2FA15B7226F48E2300EDEBDF /* ViewController.swift */,
				2FA15B8B26F4B31A00EDEBDF /* FeedViewController.swift */,
				8EF949EA26F5BB7E0099587E /* ContentViewController.swift */,
				8E5D09A526F71EEE00A4CB15 /* MarketViewController.swift */,
				8E583EF626F75FF000378579 /* ExpensesViewController.swift */,
				8E583EF826F7725E00378579 /* ProfilViewController.swift */,
			);
			path = Controllers;
			sourceTree = "<group>";
		};
		8EF949E926F5AD6A0099587E /* Views */ = {
			isa = PBXGroup;
			children = (
				8EF949EC26F5DD930099587E /* Cells */,
				2FA15B7426F48E2300EDEBDF /* Main.storyboard */,
				2FA15B7C26F48E2400EDEBDF /* LaunchScreen.storyboard */,
			);
			path = Views;
			sourceTree = "<group>";
		};
		8EF949EC26F5DD930099587E /* Cells */ = {
			isa = PBXGroup;
			children = (
				8EF949ED26F5DDA00099587E /* CollectionViewCells */,
			);
			path = Cells;
			sourceTree = "<group>";
		};
		8EF949ED26F5DDA00099587E /* CollectionViewCells */ = {
			isa = PBXGroup;
			children = (
				8EF949EF26F5DE370099587E /* ContentCollectionViewCell.swift */,
				8E6BDCC726F67BE200E75183 /* ContenFillCollectionViewCell.swift */,
				8E5D09A326F71EB500A4CB15 /* MarketCollectionViewCell.swift */,
			);
			path = CollectionViewCells;
			sourceTree = "<group>";
		};
/* End PBXGroup section */

/* Begin PBXNativeTarget section */
		2FA15B6A26F48E2300EDEBDF /* Disign */ = {
			isa = PBXNativeTarget;
			buildConfigurationList = 2FA15B8226F48E2400EDEBDF /* Build configuration list for PBXNativeTarget "Disign" */;
			buildPhases = (
				2FA15B6726F48E2300EDEBDF /* Sources */,
				2FA15B6826F48E2300EDEBDF /* Frameworks */,
				2FA15B6926F48E2300EDEBDF /* Resources */,
			);
			buildRules = (
			);
			dependencies = (
			);
			name = Disign;
			productName = Disign;
			productReference = 2FA15B6B26F48E2300EDEBDF /* Disign.app */;
			productType = "com.apple.product-type.application";
		};
/* End PBXNativeTarget section */

/* Begin PBXProject section */
		2FA15B6326F48E2300EDEBDF /* Project object */ = {
			isa = PBXProject;
			attributes = {
				LastSwiftUpdateCheck = 1250;
				LastUpgradeCheck = 1250;
				TargetAttributes = {
					2FA15B6A26F48E2300EDEBDF = {
						CreatedOnToolsVersion = 12.5;
					};
				};
			};
			buildConfigurationList = 2FA15B6626F48E2300EDEBDF /* Build configuration list for PBXProject "Disign" */;
			compatibilityVersion = "Xcode 9.3";
			developmentRegion = en;
			hasScannedForEncodings = 0;
			knownRegions = (
				en,
				Base,
			);
			mainGroup = 2FA15B6226F48E2300EDEBDF;
			productRefGroup = 2FA15B6C26F48E2300EDEBDF /* Products */;
			projectDirPath = "";
			projectRoot = "";
			targets = (
				2FA15B6A26F48E2300EDEBDF /* Disign */,
			);
		};
/* End PBXProject section */

/* Begin PBXResourcesBuildPhase section */
		2FA15B6926F48E2300EDEBDF /* Resources */ = {
			isa = PBXResourcesBuildPhase;
			buildActionMask = 2147483647;
			files = (
				2FA15B7E26F48E2400EDEBDF /* LaunchScreen.storyboard in Resources */,
				2FA15B7B26F48E2400EDEBDF /* Assets.xcassets in Resources */,
				2FA15B7626F48E2300EDEBDF /* Main.storyboard in Resources */,
			);
			runOnlyForDeploymentPostprocessing = 0;
		};
/* End PBXResourcesBuildPhase section */

/* Begin PBXSourcesBuildPhase section */
		2FA15B6726F48E2300EDEBDF /* Sources */ = {
			isa = PBXSourcesBuildPhase;
			buildActionMask = 2147483647;
			files = (
				8E583EF926F7725E00378579 /* ProfilViewController.swift in Sources */,
				2FA15B7326F48E2300EDEBDF /* ViewController.swift in Sources */,
				8E5D09A426F71EB500A4CB15 /* MarketCollectionViewCell.swift in Sources */,
				8E5D09A626F71EEE00A4CB15 /* MarketViewController.swift in Sources */,
				8E583EF726F75FF000378579 /* ExpensesViewController.swift in Sources */,
				2FA15B7926F48E2300EDEBDF /* Disign.xcdatamodeld in Sources */,
				8E6BDCC826F67BE300E75183 /* ContenFillCollectionViewCell.swift in Sources */,
				8EF949F026F5DE370099587E /* ContentCollectionViewCell.swift in Sources */,
				2FA15B8C26F4B31A00EDEBDF /* FeedViewController.swift in Sources */,
				2FA15B6F26F48E2300EDEBDF /* AppDelegate.swift in Sources */,
				8EF949EB26F5BB7E0099587E /* ContentViewController.swift in Sources */,
				2FA15B7126F48E2300EDEBDF /* SceneDelegate.swift in Sources */,
			);
			runOnlyForDeploymentPostprocessing = 0;
		};
/* End PBXSourcesBuildPhase section */

/* Begin PBXVariantGroup section */
		2FA15B7426F48E2300EDEBDF /* Main.storyboard */ = {
			isa = PBXVariantGroup;
			children = (
				2FA15B7526F48E2300EDEBDF /* Base */,
			);
			name = Main.storyboard;
			sourceTree = "<group>";
		};
		2FA15B7C26F48E2400EDEBDF /* LaunchScreen.storyboard */ = {
			isa = PBXVariantGroup;
			children = (
				2FA15B7D26F48E2400EDEBDF /* Base */,
			);
			name = LaunchScreen.storyboard;
			sourceTree = "<group>";
		};
/* End PBXVariantGroup section */

/* Begin XCBuildConfiguration section */
		2FA15B8026F48E2400EDEBDF /* Debug */ = {
			isa = XCBuildConfiguration;
			buildSettings = {
				ALWAYS_SEARCH_USER_PATHS = NO;
				CLANG_ANALYZER_NONNULL = YES;
				CLANG_ANALYZER_NUMBER_OBJECT_CONVERSION = YES_AGGRESSIVE;
				CLANG_CXX_LANGUAGE_STANDARD = "gnu++14";
				CLANG_CXX_LIBRARY = "libc++";
				CLANG_ENABLE_MODULES = YES;
				CLANG_ENABLE_OBJC_ARC = YES;
				CLANG_ENABLE_OBJC_WEAK = YES;
				CLANG_WARN_BLOCK_CAPTURE_AUTORELEASING = YES;
				CLANG_WARN_BOOL_CONVERSION = YES;
				CLANG_WARN_COMMA = YES;
				CLANG_WARN_CONSTANT_CONVERSION = YES;
				CLANG_WARN_DEPRECATED_OBJC_IMPLEMENTATIONS = YES;
				CLANG_WARN_DIRECT_OBJC_ISA_USAGE = YES_ERROR;
				CLANG_WARN_DOCUMENTATION_COMMENTS = YES;
				CLANG_WARN_EMPTY_BODY = YES;
				CLANG_WARN_ENUM_CONVERSION = YES;
				CLANG_WARN_INFINITE_RECURSION = YES;
				CLANG_WARN_INT_CONVERSION = YES;
				CLANG_WARN_NON_LITERAL_NULL_CONVERSION = YES;
				CLANG_WARN_OBJC_IMPLICIT_RETAIN_SELF = YES;
				CLANG_WARN_OBJC_LITERAL_CONVERSION = YES;
				CLANG_WARN_OBJC_ROOT_CLASS = YES_ERROR;
				CLANG_WARN_QUOTED_INCLUDE_IN_FRAMEWORK_HEADER = YES;
				CLANG_WARN_RANGE_LOOP_ANALYSIS = YES;
				CLANG_WARN_STRICT_PROTOTYPES = YES;
				CLANG_WARN_SUSPICIOUS_MOVE = YES;
				CLANG_WARN_UNGUARDED_AVAILABILITY = YES_AGGRESSIVE;
				CLANG_WARN_UNREACHABLE_CODE = YES;
				CLANG_WARN__DUPLICATE_METHOD_MATCH = YES;
				COPY_PHASE_STRIP = NO;
				DEBUG_INFORMATION_FORMAT = dwarf;
				ENABLE_STRICT_OBJC_MSGSEND = YES;
				ENABLE_TESTABILITY = YES;
				GCC_C_LANGUAGE_STANDARD = gnu11;
				GCC_DYNAMIC_NO_PIC = NO;
				GCC_NO_COMMON_BLOCKS = YES;
				GCC_OPTIMIZATION_LEVEL = 0;
				GCC_PREPROCESSOR_DEFINITIONS = (
					"DEBUG=1",
					"$(inherited)",
				);
				GCC_WARN_64_TO_32_BIT_CONVERSION = YES;
				GCC_WARN_ABOUT_RETURN_TYPE = YES_ERROR;
				GCC_WARN_UNDECLARED_SELECTOR = YES;
				GCC_WARN_UNINITIALIZED_AUTOS = YES_AGGRESSIVE;
				GCC_WARN_UNUSED_FUNCTION = YES;
				GCC_WARN_UNUSED_VARIABLE = YES;
				IPHONEOS_DEPLOYMENT_TARGET = 14.5;
				MTL_ENABLE_DEBUG_INFO = INCLUDE_SOURCE;
				MTL_FAST_MATH = YES;
				ONLY_ACTIVE_ARCH = YES;
				SDKROOT = iphoneos;
				SWIFT_ACTIVE_COMPILATION_CONDITIONS = DEBUG;
				SWIFT_OPTIMIZATION_LEVEL = "-Onone";
			};
			name = Debug;
		};
		2FA15B8126F48E2400EDEBDF /* Release */ = {
			isa = XCBuildConfiguration;
			buildSettings = {
				ALWAYS_SEARCH_USER_PATHS = NO;
				CLANG_ANALYZER_NONNULL = YES;
				CLANG_ANALYZER_NUMBER_OBJECT_CONVERSION = YES_AGGRESSIVE;
				CLANG_CXX_LANGUAGE_STANDARD = "gnu++14";
				CLANG_CXX_LIBRARY = "libc++";
				CLANG_ENABLE_MODULES = YES;
				CLANG_ENABLE_OBJC_ARC = YES;
				CLANG_ENABLE_OBJC_WEAK = YES;
				CLANG_WARN_BLOCK_CAPTURE_AUTORELEASING = YES;
				CLANG_WARN_BOOL_CONVERSION = YES;
				CLANG_WARN_COMMA = YES;
				CLANG_WARN_CONSTANT_CONVERSION = YES;
				CLANG_WARN_DEPRECATED_OBJC_IMPLEMENTATIONS = YES;
				CLANG_WARN_DIRECT_OBJC_ISA_USAGE = YES_ERROR;
				CLANG_WARN_DOCUMENTATION_COMMENTS = YES;
				CLANG_WARN_EMPTY_BODY = YES;
				CLANG_WARN_ENUM_CONVERSION = YES;
				CLANG_WARN_INFINITE_RECURSION = YES;
				CLANG_WARN_INT_CONVERSION = YES;
				CLANG_WARN_NON_LITERAL_NULL_CONVERSION = YES;
				CLANG_WARN_OBJC_IMPLICIT_RETAIN_SELF = YES;
				CLANG_WARN_OBJC_LITERAL_CONVERSION = YES;
				CLANG_WARN_OBJC_ROOT_CLASS = YES_ERROR;
				CLANG_WARN_QUOTED_INCLUDE_IN_FRAMEWORK_HEADER = YES;
				CLANG_WARN_RANGE_LOOP_ANALYSIS = YES;
				CLANG_WARN_STRICT_PROTOTYPES = YES;
				CLANG_WARN_SUSPICIOUS_MOVE = YES;
				CLANG_WARN_UNGUARDED_AVAILABILITY = YES_AGGRESSIVE;
				CLANG_WARN_UNREACHABLE_CODE = YES;
				CLANG_WARN__DUPLICATE_METHOD_MATCH = YES;
				COPY_PHASE_STRIP = NO;
				DEBUG_INFORMATION_FORMAT = "dwarf-with-dsym";
				ENABLE_NS_ASSERTIONS = NO;
				ENABLE_STRICT_OBJC_MSGSEND = YES;
				GCC_C_LANGUAGE_STANDARD = gnu11;
				GCC_NO_COMMON_BLOCKS = YES;
				GCC_WARN_64_TO_32_BIT_CONVERSION = YES;
				GCC_WARN_ABOUT_RETURN_TYPE = YES_ERROR;
				GCC_WARN_UNDECLARED_SELECTOR = YES;
				GCC_WARN_UNINITIALIZED_AUTOS = YES_AGGRESSIVE;
				GCC_WARN_UNUSED_FUNCTION = YES;
				GCC_WARN_UNUSED_VARIABLE = YES;
				IPHONEOS_DEPLOYMENT_TARGET = 14.5;
				MTL_ENABLE_DEBUG_INFO = NO;
				MTL_FAST_MATH = YES;
				SDKROOT = iphoneos;
				SWIFT_COMPILATION_MODE = wholemodule;
				SWIFT_OPTIMIZATION_LEVEL = "-O";
				VALIDATE_PRODUCT = YES;
			};
			name = Release;
		};
		2FA15B8326F48E2400EDEBDF /* Debug */ = {
			isa = XCBuildConfiguration;
			buildSettings = {
				ASSETCATALOG_COMPILER_APPICON_NAME = AppIcon;
				ASSETCATALOG_COMPILER_GLOBAL_ACCENT_COLOR_NAME = AccentColor;
				CODE_SIGN_STYLE = Automatic;
				DEVELOPMENT_TEAM = 4Q7KY4ZR42;
				INFOPLIST_FILE = Disign/Info.plist;
				LD_RUNPATH_SEARCH_PATHS = (
					"$(inherited)",
					"@executable_path/Frameworks",
				);
				PRODUCT_BUNDLE_IDENTIFIER = students.Disign;
				PRODUCT_NAME = "$(TARGET_NAME)";
				SWIFT_VERSION = 5.0;
				TARGETED_DEVICE_FAMILY = "1,2";
			};
			name = Debug;
		};
		2FA15B8426F48E2400EDEBDF /* Release */ = {
			isa = XCBuildConfiguration;
			buildSettings = {
				ASSETCATALOG_COMPILER_APPICON_NAME = AppIcon;
				ASSETCATALOG_COMPILER_GLOBAL_ACCENT_COLOR_NAME = AccentColor;
				CODE_SIGN_STYLE = Automatic;
				DEVELOPMENT_TEAM = 4Q7KY4ZR42;
				INFOPLIST_FILE = Disign/Info.plist;
				LD_RUNPATH_SEARCH_PATHS = (
					"$(inherited)",
					"@executable_path/Frameworks",
				);
				PRODUCT_BUNDLE_IDENTIFIER = student.Disign;
				PRODUCT_NAME = "$(TARGET_NAME)";
				SWIFT_VERSION = 5.0;
				TARGETED_DEVICE_FAMILY = "1,2";
			};
			name = Release;
		};
/* End XCBuildConfiguration section */

/* Begin XCConfigurationList section */
		2FA15B6626F48E2300EDEBDF /* Build configuration list for PBXProject "Disign" */ = {
			isa = XCConfigurationList;
			buildConfigurations = (
				2FA15B8026F48E2400EDEBDF /* Debug */,
				2FA15B8126F48E2400EDEBDF /* Release */,
			);
			defaultConfigurationIsVisible = 0;
			defaultConfigurationName = Release;
		};
		2FA15B8226F48E2400EDEBDF /* Build configuration list for PBXNativeTarget "Disign" */ = {
			isa = XCConfigurationList;
			buildConfigurations = (
				2FA15B8326F48E2400EDEBDF /* Debug */,
				2FA15B8426F48E2400EDEBDF /* Release */,
			);
			defaultConfigurationIsVisible = 0;
			defaultConfigurationName = Release;
		};
/* End XCConfigurationList section */

/* Begin XCVersionGroup section */
		2FA15B7726F48E2300EDEBDF /* Disign.xcdatamodeld */ = {
			isa = XCVersionGroup;
			children = (
				2FA15B7826F48E2300EDEBDF /* Disign.xcdatamodel */,
			);
			currentVersion = 2FA15B7826F48E2300EDEBDF /* Disign.xcdatamodel */;
			path = Disign.xcdatamodeld;
			sourceTree = "<group>";
			versionGroupType = wrapper.xcdatamodel;
		};
/* End XCVersionGroup section */
	};
	rootObject = 2FA15B6326F48E2300EDEBDF /* Project object */;
}
